{
  "name": "lit-element-demo",
  "version": "0.0.0",
  "lockfileVersion": 3,
  "requires": true,
  "packages": {
    "": {
      "name": "lit-element-demo",
      "version": "0.0.0",
      "dependencies": {
        "lit-element": "2.0.1",
        "lit-html": "^1.0.0"
      }
    },
    "node_modules/lit-element": {
      "version": "2.0.1",
      "resolved": "https://registry.npmjs.org/lit-element/-/lit-element-2.0.1.tgz",
      "integrity": "sha512-2bu3B2ZYUZgntvOgu3i5mRK8geo45CLUwxwJEYK54hyednoJasjiTZPB13NBg1D+hNM2JfmWTWJnh1QEUQv7zw==",
      "dependencies": {
        "lit-html": "^1.0.0"
      }
    },
    "node_modules/lit-html": {
      "version": "1.4.1",
      "resolved": "https://registry.npmjs.org/lit-html/-/lit-html-1.4.1.tgz",
      "integrity": "sha512-B9btcSgPYb1q4oSOb/PrOT6Z/H+r6xuNzfH4lFli/AWhYwdtrgQkQWBbIc6mdnf6E2IL3gDXdkkqNktpU0OZQA=="
    }
  }
}
